// !$*UTF8*$!
{
	archiveVersion = 1;
	classes = {
	};
	objectVersion = 55;
	objects = {

/* Begin PBXBuildFile section */
		880BCA0427E879C500C5235A /* AppDelegate.swift in Sources */ = {isa = PBXBuildFile; fileRef = 880BCA0327E879C500C5235A /* AppDelegate.swift */; };
		880BCA0627E879C500C5235A /* SceneDelegate.swift in Sources */ = {isa = PBXBuildFile; fileRef = 880BCA0527E879C500C5235A /* SceneDelegate.swift */; };
		880BCA0827E879C500C5235A /* ViewController.swift in Sources */ = {isa = PBXBuildFile; fileRef = 880BCA0727E879C500C5235A /* ViewController.swift */; };
		880BCA0D27E879C800C5235A /* Assets.xcassets in Resources */ = {isa = PBXBuildFile; fileRef = 880BCA0C27E879C800C5235A /* Assets.xcassets */; };
		880BCA1027E879C800C5235A /* LaunchScreen.storyboard in Resources */ = {isa = PBXBuildFile; fileRef = 880BCA0E27E879C800C5235A /* LaunchScreen.storyboard */; };
		880BCA1927E879EF00C5235A /* SnapKit in Frameworks */ = {isa = PBXBuildFile; productRef = 880BCA1827E879EF00C5235A /* SnapKit */; };
		880BCA1C27E87A0A00C5235A /* RxCocoa in Frameworks */ = {isa = PBXBuildFile; productRef = 880BCA1B27E87A0A00C5235A /* RxCocoa */; };
		880BCA1E27E87A0A00C5235A /* RxSwift in Frameworks */ = {isa = PBXBuildFile; productRef = 880BCA1D27E87A0A00C5235A /* RxSwift */; };
		880BCA2027E87AA200C5235A /* LoginViewController.swift in Sources */ = {isa = PBXBuildFile; fileRef = 880BCA1F27E87AA100C5235A /* LoginViewController.swift */; };
		880BCA2327E87AC300C5235A /* LoginView.swift in Sources */ = {isa = PBXBuildFile; fileRef = 880BCA2227E87AC300C5235A /* LoginView.swift */; };
/* End PBXBuildFile section */

/* Begin PBXFileReference section */
		880BCA0027E879C500C5235A /* CapstonePractice.app */ = {isa = PBXFileReference; explicitFileType = wrapper.application; includeInIndex = 0; path = CapstonePractice.app; sourceTree = BUILT_PRODUCTS_DIR; };
		880BCA0327E879C500C5235A /* AppDelegate.swift */ = {isa = PBXFileReference; lastKnownFileType = sourcecode.swift; path = AppDelegate.swift; sourceTree = "<group>"; };
		880BCA0527E879C500C5235A /* SceneDelegate.swift */ = {isa = PBXFileReference; lastKnownFileType = sourcecode.swift; path = SceneDelegate.swift; sourceTree = "<group>"; };
		880BCA0727E879C500C5235A /* ViewController.swift */ = {isa = PBXFileReference; lastKnownFileType = sourcecode.swift; path = ViewController.swift; sourceTree = "<group>"; };
		880BCA0C27E879C800C5235A /* Assets.xcassets */ = {isa = PBXFileReference; lastKnownFileType = folder.assetcatalog; path = Assets.xcassets; sourceTree = "<group>"; };
		880BCA0F27E879C800C5235A /* Base */ = {isa = PBXFileReference; lastKnownFileType = file.storyboard; name = Base; path = Base.lproj/LaunchScreen.storyboard; sourceTree = "<group>"; };
		880BCA1127E879C800C5235A /* Info.plist */ = {isa = PBXFileReference; lastKnownFileType = text.plist.xml; path = Info.plist; sourceTree = "<group>"; };
		880BCA1F27E87AA100C5235A /* LoginViewController.swift */ = {isa = PBXFileReference; lastKnownFileType = sourcecode.swift; path = LoginViewController.swift; sourceTree = "<group>"; };
		880BCA2227E87AC300C5235A /* LoginView.swift */ = {isa = PBXFileReference; lastKnownFileType = sourcecode.swift; path = LoginView.swift; sourceTree = "<group>"; };
/* End PBXFileReference section */

/* Begin PBXFrameworksBuildPhase section */
		880BC9FD27E879C500C5235A /* Frameworks */ = {
			isa = PBXFrameworksBuildPhase;
			buildActionMask = 2147483647;
			files = (
				880BCA1E27E87A0A00C5235A /* RxSwift in Frameworks */,
				880BCA1C27E87A0A00C5235A /* RxCocoa in Frameworks */,
				880BCA1927E879EF00C5235A /* SnapKit in Frameworks */,
			);
			runOnlyForDeploymentPostprocessing = 0;
		};
/* End PBXFrameworksBuildPhase section */

/* Begin PBXGroup section */
		880BC9F727E879C500C5235A = {
			isa = PBXGroup;
			children = (
				880BCA0227E879C500C5235A /* CapstonePractice */,
				880BCA0127E879C500C5235A /* Products */,
			);
			sourceTree = "<group>";
		};
		880BCA0127E879C500C5235A /* Products */ = {
			isa = PBXGroup;
			children = (
				880BCA0027E879C500C5235A /* CapstonePractice.app */,
			);
			name = Products;
			sourceTree = "<group>";
		};
		880BCA0227E879C500C5235A /* CapstonePractice */ = {
			isa = PBXGroup;
			children = (
				880BCA0327E879C500C5235A /* AppDelegate.swift */,
				880BCA0527E879C500C5235A /* SceneDelegate.swift */,
				880BCA0727E879C500C5235A /* ViewController.swift */,
				880BCA0C27E879C800C5235A /* Assets.xcassets */,
				880BCA0E27E879C800C5235A /* LaunchScreen.storyboard */,
				880BCA1127E879C800C5235A /* Info.plist */,
				880BCA2127E87AB300C5235A /* Login View */,
			);
			path = CapstonePractice;
			sourceTree = "<group>";
		};
		880BCA2127E87AB300C5235A /* Login View */ = {
			isa = PBXGroup;
			children = (
				880BCA1F27E87AA100C5235A /* LoginViewController.swift */,
				880BCA2227E87AC300C5235A /* LoginView.swift */,
			);
			path = "Login View";
			sourceTree = "<group>";
		};
/* End PBXGroup section */

/* Begin PBXNativeTarget section */
		880BC9FF27E879C500C5235A /* CapstonePractice */ = {
			isa = PBXNativeTarget;
			buildConfigurationList = 880BCA1427E879C800C5235A /* Build configuration list for PBXNativeTarget "CapstonePractice" */;
			buildPhases = (
				880BC9FC27E879C500C5235A /* Sources */,
				880BC9FD27E879C500C5235A /* Frameworks */,
				880BC9FE27E879C500C5235A /* Resources */,
			);
			buildRules = (
			);
			dependencies = (
			);
			name = CapstonePractice;
			packageProductDependencies = (
				880BCA1827E879EF00C5235A /* SnapKit */,
				880BCA1B27E87A0A00C5235A /* RxCocoa */,
				880BCA1D27E87A0A00C5235A /* RxSwift */,
			);
			productName = CapstonePractice;
			productReference = 880BCA0027E879C500C5235A /* CapstonePractice.app */;
			productType = "com.apple.product-type.application";
		};
/* End PBXNativeTarget section */

/* Begin PBXProject section */
		880BC9F827E879C500C5235A /* Project object */ = {
			isa = PBXProject;
			attributes = {
				BuildIndependentTargetsInParallel = 1;
				LastSwiftUpdateCheck = 1300;
				LastUpgradeCheck = 1300;
				TargetAttributes = {
					880BC9FF27E879C500C5235A = {
						CreatedOnToolsVersion = 13.0;
					};
				};
			};
			buildConfigurationList = 880BC9FB27E879C500C5235A /* Build configuration list for PBXProject "CapstonePractice" */;
			compatibilityVersion = "Xcode 13.0";
			developmentRegion = en;
			hasScannedForEncodings = 0;
			knownRegions = (
				en,
				Base,
			);
			mainGroup = 880BC9F727E879C500C5235A;
			packageReferences = (
				880BCA1727E879EF00C5235A /* XCRemoteSwiftPackageReference "SnapKit" */,
				880BCA1A27E87A0A00C5235A /* XCRemoteSwiftPackageReference "RxSwift" */,
			);
			productRefGroup = 880BCA0127E879C500C5235A /* Products */;
			projectDirPath = "";
			projectRoot = "";
			targets = (
				880BC9FF27E879C500C5235A /* CapstonePractice */,
			);
		};
/* End PBXProject section */

/* Begin PBXResourcesBuildPhase section */
		880BC9FE27E879C500C5235A /* Resources */ = {
			isa = PBXResourcesBuildPhase;
			buildActionMask = 2147483647;
			files = (
				880BCA1027E879C800C5235A /* LaunchScreen.storyboard in Resources */,
				880BCA0D27E879C800C5235A /* Assets.xcassets in Resources */,
			);
			runOnlyForDeploymentPostprocessing = 0;
		};
/* End PBXResourcesBuildPhase section */

/* Begin PBXSourcesBuildPhase section */
		880BC9FC27E879C500C5235A /* Sources */ = {
			isa = PBXSourcesBuildPhase;
			buildActionMask = 2147483647;
			files = (
				880BCA2027E87AA200C5235A /* LoginViewController.swift in Sources */,
				880BCA0827E879C500C5235A /* ViewController.swift in Sources */,
				880BCA0427E879C500C5235A /* AppDelegate.swift in Sources */,
				880BCA2327E87AC300C5235A /* LoginView.swift in Sources */,
				880BCA0627E879C500C5235A /* SceneDelegate.swift in Sources */,
			);
			runOnlyForDeploymentPostprocessing = 0;
		};
/* End PBXSourcesBuildPhase section */

/* Begin PBXVariantGroup section */
		880BCA0E27E879C800C5235A /* LaunchScreen.storyboard */ = {
			isa = PBXVariantGroup;
			children = (
				880BCA0F27E879C800C5235A /* Base */,
			);
			name = LaunchScreen.storyboard;
			sourceTree = "<group>";
		};
/* End PBXVariantGroup section */

/* Begin XCBuildConfiguration section */
		880BCA1227E879C800C5235A /* Debug */ = {
			isa = XCBuildConfiguration;
			buildSettings = {
				ALWAYS_SEARCH_USER_PATHS = NO;
				CLANG_ANALYZER_NONNULL = YES;
				CLANG_ANALYZER_NUMBER_OBJECT_CONVERSION = YES_AGGRESSIVE;
				CLANG_CXX_LANGUAGE_STANDARD = "gnu++17";
				CLANG_CXX_LIBRARY = "libc++";
				CLANG_ENABLE_MODULES = YES;
				CLANG_ENABLE_OBJC_ARC = YES;
				CLANG_ENABLE_OBJC_WEAK = YES;
				CLANG_WARN_BLOCK_CAPTURE_AUTORELEASING = YES;
				CLANG_WARN_BOOL_CONVERSION = YES;
				CLANG_WARN_COMMA = YES;
				CLANG_WARN_CONSTANT_CONVERSION = YES;
				CLANG_WARN_DEPRECATED_OBJC_IMPLEMENTATIONS = YES;
				CLANG_WARN_DIRECT_OBJC_ISA_USAGE = YES_ERROR;
				CLANG_WARN_DOCUMENTATION_COMMENTS = YES;
				CLANG_WARN_EMPTY_BODY = YES;
				CLANG_WARN_ENUM_CONVERSION = YES;
				CLANG_WARN_INFINITE_RECURSION = YES;
				CLANG_WARN_INT_CONVERSION = YES;
				CLANG_WARN_NON_LITERAL_NULL_CONVERSION = YES;
				CLANG_WARN_OBJC_IMPLICIT_RETAIN_SELF = YES;
				CLANG_WARN_OBJC_LITERAL_CONVERSION = YES;
				CLANG_WARN_OBJC_ROOT_CLASS = YES_ERROR;
				CLANG_WARN_QUOTED_INCLUDE_IN_FRAMEWORK_HEADER = YES;
				CLANG_WARN_RANGE_LOOP_ANALYSIS = YES;
				CLANG_WARN_STRICT_PROTOTYPES = YES;
				CLANG_WARN_SUSPICIOUS_MOVE = YES;
				CLANG_WARN_UNGUARDED_AVAILABILITY = YES_AGGRESSIVE;
				CLANG_WARN_UNREACHABLE_CODE = YES;
				CLANG_WARN__DUPLICATE_METHOD_MATCH = YES;
				COPY_PHASE_STRIP = NO;
				DEBUG_INFORMATION_FORMAT = dwarf;
				ENABLE_STRICT_OBJC_MSGSEND = YES;
				ENABLE_TESTABILITY = YES;
				GCC_C_LANGUAGE_STANDARD = gnu11;
				GCC_DYNAMIC_NO_PIC = NO;
				GCC_NO_COMMON_BLOCKS = YES;
				GCC_OPTIMIZATION_LEVEL = 0;
				GCC_PREPROCESSOR_DEFINITIONS = (
					"DEBUG=1",
					"$(inherited)",
				);
				GCC_WARN_64_TO_32_BIT_CONVERSION = YES;
				GCC_WARN_ABOUT_RETURN_TYPE = YES_ERROR;
				GCC_WARN_UNDECLARED_SELECTOR = YES;
				GCC_WARN_UNINITIALIZED_AUTOS = YES_AGGRESSIVE;
				GCC_WARN_UNUSED_FUNCTION = YES;
				GCC_WARN_UNUSED_VARIABLE = YES;
				IPHONEOS_DEPLOYMENT_TARGET = 15.0;
				MTL_ENABLE_DEBUG_INFO = INCLUDE_SOURCE;
				MTL_FAST_MATH = YES;
				ONLY_ACTIVE_ARCH = YES;
				SDKROOT = iphoneos;
				SWIFT_ACTIVE_COMPILATION_CONDITIONS = DEBUG;
				SWIFT_OPTIMIZATION_LEVEL = "-Onone";
			};
			name = Debug;
		};
		880BCA1327E879C800C5235A /* Release */ = {
			isa = XCBuildConfiguration;
			buildSettings = {
				ALWAYS_SEARCH_USER_PATHS = NO;
				CLANG_ANALYZER_NONNULL = YES;
				CLANG_ANALYZER_NUMBER_OBJECT_CONVERSION = YES_AGGRESSIVE;
				CLANG_CXX_LANGUAGE_STANDARD = "gnu++17";
				CLANG_CXX_LIBRARY = "libc++";
				CLANG_ENABLE_MODULES = YES;
				CLANG_ENABLE_OBJC_ARC = YES;
				CLANG_ENABLE_OBJC_WEAK = YES;
				CLANG_WARN_BLOCK_CAPTURE_AUTORELEASING = YES;
				CLANG_WARN_BOOL_CONVERSION = YES;
				CLANG_WARN_COMMA = YES;
				CLANG_WARN_CONSTANT_CONVERSION = YES;
				CLANG_WARN_DEPRECATED_OBJC_IMPLEMENTATIONS = YES;
				CLANG_WARN_DIRECT_OBJC_ISA_USAGE = YES_ERROR;
				CLANG_WARN_DOCUMENTATION_COMMENTS = YES;
				CLANG_WARN_EMPTY_BODY = YES;
				CLANG_WARN_ENUM_CONVERSION = YES;
				CLANG_WARN_INFINITE_RECURSION = YES;
				CLANG_WARN_INT_CONVERSION = YES;
				CLANG_WARN_NON_LITERAL_NULL_CONVERSION = YES;
				CLANG_WARN_OBJC_IMPLICIT_RETAIN_SELF = YES;
				CLANG_WARN_OBJC_LITERAL_CONVERSION = YES;
				CLANG_WARN_OBJC_ROOT_CLASS = YES_ERROR;
				CLANG_WARN_QUOTED_INCLUDE_IN_FRAMEWORK_HEADER = YES;
				CLANG_WARN_RANGE_LOOP_ANALYSIS = YES;
				CLANG_WARN_STRICT_PROTOTYPES = YES;
				CLANG_WARN_SUSPICIOUS_MOVE = YES;
				CLANG_WARN_UNGUARDED_AVAILABILITY = YES_AGGRESSIVE;
				CLANG_WARN_UNREACHABLE_CODE = YES;
				CLANG_WARN__DUPLICATE_METHOD_MATCH = YES;
				COPY_PHASE_STRIP = NO;
				DEBUG_INFORMATION_FORMAT = "dwarf-with-dsym";
				ENABLE_NS_ASSERTIONS = NO;
				ENABLE_STRICT_OBJC_MSGSEND = YES;
				GCC_C_LANGUAGE_STANDARD = gnu11;
				GCC_NO_COMMON_BLOCKS = YES;
				GCC_WARN_64_TO_32_BIT_CONVERSION = YES;
				GCC_WARN_ABOUT_RETURN_TYPE = YES_ERROR;
				GCC_WARN_UNDECLARED_SELECTOR = YES;
				GCC_WARN_UNINITIALIZED_AUTOS = YES_AGGRESSIVE;
				GCC_WARN_UNUSED_FUNCTION = YES;
				GCC_WARN_UNUSED_VARIABLE = YES;
				IPHONEOS_DEPLOYMENT_TARGET = 15.0;
				MTL_ENABLE_DEBUG_INFO = NO;
				MTL_FAST_MATH = YES;
				SDKROOT = iphoneos;
				SWIFT_COMPILATION_MODE = wholemodule;
				SWIFT_OPTIMIZATION_LEVEL = "-O";
				VALIDATE_PRODUCT = YES;
			};
			name = Release;
		};
		880BCA1527E879C800C5235A /* Debug */ = {
			isa = XCBuildConfiguration;
			buildSettings = {
				ASSETCATALOG_COMPILER_APPICON_NAME = AppIcon;
				ASSETCATALOG_COMPILER_GLOBAL_ACCENT_COLOR_NAME = AccentColor;
				CODE_SIGN_STYLE = Automatic;
				CURRENT_PROJECT_VERSION = 1;
				DEVELOPMENT_TEAM = XUDFL5KK5Q;
				GENERATE_INFOPLIST_FILE = YES;
				INFOPLIST_FILE = CapstonePractice/Info.plist;
				INFOPLIST_KEY_UIApplicationSupportsIndirectInputEvents = YES;
				INFOPLIST_KEY_UILaunchStoryboardName = LaunchScreen;
				INFOPLIST_KEY_UISupportedInterfaceOrientations_iPad = "UIInterfaceOrientationPortrait UIInterfaceOrientationPortraitUpsideDown UIInterfaceOrientationLandscapeLeft UIInterfaceOrientationLandscapeRight";
				INFOPLIST_KEY_UISupportedInterfaceOrientations_iPhone = "UIInterfaceOrientationPortrait UIInterfaceOrientationLandscapeLeft UIInterfaceOrientationLandscapeRight";
				LD_RUNPATH_SEARCH_PATHS = (
					"$(inherited)",
					"@executable_path/Frameworks",
				);
				MARKETING_VERSION = 1.0;
				PRODUCT_BUNDLE_IDENTIFIER = yle.CapstonePractice;
				PRODUCT_NAME = "$(TARGET_NAME)";
				SWIFT_EMIT_LOC_STRINGS = YES;
				SWIFT_VERSION = 5.0;
				TARGETED_DEVICE_FAMILY = "1,2";
			};
			name = Debug;
		};
		880BCA1627E879C800C5235A /* Release */ = {
			isa = XCBuildConfiguration;
			buildSettings = {
				ASSETCATALOG_COMPILER_APPICON_NAME = AppIcon;
				ASSETCATALOG_COMPILER_GLOBAL_ACCENT_COLOR_NAME = AccentColor;
				CODE_SIGN_STYLE = Automatic;
				CURRENT_PROJECT_VERSION = 1;
				DEVELOPMENT_TEAM = XUDFL5KK5Q;
				GENERATE_INFOPLIST_FILE = YES;
				INFOPLIST_FILE = CapstonePractice/Info.plist;
				INFOPLIST_KEY_UIApplicationSupportsIndirectInputEvents = YES;
				INFOPLIST_KEY_UILaunchStoryboardName = LaunchScreen;
				INFOPLIST_KEY_UISupportedInterfaceOrientations_iPad = "UIInterfaceOrientationPortrait UIInterfaceOrientationPortraitUpsideDown UIInterfaceOrientationLandscapeLeft UIInterfaceOrientationLandscapeRight";
				INFOPLIST_KEY_UISupportedInterfaceOrientations_iPhone = "UIInterfaceOrientationPortrait UIInterfaceOrientationLandscapeLeft UIInterfaceOrientationLandscapeRight";
				LD_RUNPATH_SEARCH_PATHS = (
					"$(inherited)",
					"@executable_path/Frameworks",
				);
				MARKETING_VERSION = 1.0;
				PRODUCT_BUNDLE_IDENTIFIER = yle.CapstonePractice;
				PRODUCT_NAME = "$(TARGET_NAME)";
				SWIFT_EMIT_LOC_STRINGS = YES;
				SWIFT_VERSION = 5.0;
				TARGETED_DEVICE_FAMILY = "1,2";
			};
			name = Release;
		};
/* End XCBuildConfiguration section */

/* Begin XCConfigurationList section */
		880BC9FB27E879C500C5235A /* Build configuration list for PBXProject "CapstonePractice" */ = {
			isa = XCConfigurationList;
			buildConfigurations = (
				880BCA1227E879C800C5235A /* Debug */,
				880BCA1327E879C800C5235A /* Release */,
			);
			defaultConfigurationIsVisible = 0;
			defaultConfigurationName = Release;
		};
		880BCA1427E879C800C5235A /* Build configuration list for PBXNativeTarget "CapstonePractice" */ = {
			isa = XCConfigurationList;
			buildConfigurations = (
				880BCA1527E879C800C5235A /* Debug */,
				880BCA1627E879C800C5235A /* Release */,
			);
			defaultConfigurationIsVisible = 0;
			defaultConfigurationName = Release;
		};
/* End XCConfigurationList section */

/* Begin XCRemoteSwiftPackageReference section */
		880BCA1727E879EF00C5235A /* XCRemoteSwiftPackageReference "SnapKit" */ = {
			isa = XCRemoteSwiftPackageReference;
			repositoryURL = "https://github.com/SnapKit/SnapKit.git";
			requirement = {
				branch = develop;
				kind = branch;
			};
		};
		880BCA1A27E87A0A00C5235A /* XCRemoteSwiftPackageReference "RxSwift" */ = {
			isa = XCRemoteSwiftPackageReference;
			repositoryURL = "https://github.com/ReactiveX/RxSwift.git";
			requirement = {
				branch = main;
				kind = branch;
			};
		};
/* End XCRemoteSwiftPackageReference section */

/* Begin XCSwiftPackageProductDependency section */
		880BCA1827E879EF00C5235A /* SnapKit */ = {
			isa = XCSwiftPackageProductDependency;
			package = 880BCA1727E879EF00C5235A /* XCRemoteSwiftPackageReference "SnapKit" */;
			productName = SnapKit;
		};
		880BCA1B27E87A0A00C5235A /* RxCocoa */ = {
			isa = XCSwiftPackageProductDependency;
			package = 880BCA1A27E87A0A00C5235A /* XCRemoteSwiftPackageReference "RxSwift" */;
			productName = RxCocoa;
		};
		880BCA1D27E87A0A00C5235A /* RxSwift */ = {
			isa = XCSwiftPackageProductDependency;
			package = 880BCA1A27E87A0A00C5235A /* XCRemoteSwiftPackageReference "RxSwift" */;
			productName = RxSwift;
		};
/* End XCSwiftPackageProductDependency section */
	};
	rootObject = 880BC9F827E879C500C5235A /* Project object */;
}
