// !$*UTF8*$!
{
	archiveVersion = 1;
	classes = {
	};
	objectVersion = 55;
	objects = {

/* Begin PBXBuildFile section */
		880BCA0427E879C500C5235A /* AppDelegate.swift in Sources */ = {isa = PBXBuildFile; fileRef = 880BCA0327E879C500C5235A /* AppDelegate.swift */; };
		880BCA0627E879C500C5235A /* SceneDelegate.swift in Sources */ = {isa = PBXBuildFile; fileRef = 880BCA0527E879C500C5235A /* SceneDelegate.swift */; };
		880BCA0827E879C500C5235A /* ViewController.swift in Sources */ = {isa = PBXBuildFile; fileRef = 880BCA0727E879C500C5235A /* ViewController.swift */; };
		880BCA0D27E879C800C5235A /* Assets.xcassets in Resources */ = {isa = PBXBuildFile; fileRef = 880BCA0C27E879C800C5235A /* Assets.xcassets */; };
		880BCA1027E879C800C5235A /* LaunchScreen.storyboard in Resources */ = {isa = PBXBuildFile; fileRef = 880BCA0E27E879C800C5235A /* LaunchScreen.storyboard */; };
		880BCA1927E879EF00C5235A /* SnapKit in Frameworks */ = {isa = PBXBuildFile; productRef = 880BCA1827E879EF00C5235A /* SnapKit */; };
		880BCA2027E87AA200C5235A /* LoginViewController.swift in Sources */ = {isa = PBXBuildFile; fileRef = 880BCA1F27E87AA100C5235A /* LoginViewController.swift */; };
		880BCA2327E87AC300C5235A /* LoginView.swift in Sources */ = {isa = PBXBuildFile; fileRef = 880BCA2227E87AC300C5235A /* LoginView.swift */; };
		8824E7AA27EED94500125C8C /* WritePostViewController.swift in Sources */ = {isa = PBXBuildFile; fileRef = 8824E7A927EED94500125C8C /* WritePostViewController.swift */; };
		8824E7AC27EEDAE900125C8C /* WritePosterView.swift in Sources */ = {isa = PBXBuildFile; fileRef = 8824E7AB27EEDAE900125C8C /* WritePosterView.swift */; };
		8824E7AF27EEE61C00125C8C /* SolvedData.swift in Sources */ = {isa = PBXBuildFile; fileRef = 8824E7AE27EEE61C00125C8C /* SolvedData.swift */; };
		8824E7B127EEE68700125C8C /* MyInfoView.swift in Sources */ = {isa = PBXBuildFile; fileRef = 8824E7B027EEE68700125C8C /* MyInfoView.swift */; };
		8824E7B327EEE70100125C8C /* ApiService.swift in Sources */ = {isa = PBXBuildFile; fileRef = 8824E7B227EEE70100125C8C /* ApiService.swift */; };
		8824E7B627EEE71C00125C8C /* Alamofire in Frameworks */ = {isa = PBXBuildFile; productRef = 8824E7B527EEE71C00125C8C /* Alamofire */; };
		8824E7B827EEE9A200125C8C /* SolvedProblemViewController.swift in Sources */ = {isa = PBXBuildFile; fileRef = 8824E7B727EEE9A200125C8C /* SolvedProblemViewController.swift */; };
		8824E7BC27EEE9D200125C8C /* SolvedProblemView.swift in Sources */ = {isa = PBXBuildFile; fileRef = 8824E7BB27EEE9D200125C8C /* SolvedProblemView.swift */; };
		8824E7BE27EEEA3000125C8C /* ProblemTableViewCell.swift in Sources */ = {isa = PBXBuildFile; fileRef = 8824E7BD27EEEA3000125C8C /* ProblemTableViewCell.swift */; };
		8824E7C027EEFC4100125C8C /* MyInfoTableViewCell.swift in Sources */ = {isa = PBXBuildFile; fileRef = 8824E7BF27EEFC4100125C8C /* MyInfoTableViewCell.swift */; };
		883A412027ED9FB60002B909 /* MainTabBarController.swift in Sources */ = {isa = PBXBuildFile; fileRef = 883A411F27ED9FB60002B909 /* MainTabBarController.swift */; };
		883A412227EDA0020002B909 /* MainViewController.swift in Sources */ = {isa = PBXBuildFile; fileRef = 883A412127EDA0020002B909 /* MainViewController.swift */; };
		883A412527EDA0480002B909 /* PostBoardViewController.swift in Sources */ = {isa = PBXBuildFile; fileRef = 883A412427EDA0480002B909 /* PostBoardViewController.swift */; };
		883A412827EDA0A20002B909 /* MyInfoViewController.swift in Sources */ = {isa = PBXBuildFile; fileRef = 883A412727EDA0A20002B909 /* MyInfoViewController.swift */; };
		883A412B27EDA24B0002B909 /* PosterView.swift in Sources */ = {isa = PBXBuildFile; fileRef = 883A412A27EDA24B0002B909 /* PosterView.swift */; };
		883A412D27EDA2980002B909 /* UIView + Protocols.swift in Sources */ = {isa = PBXBuildFile; fileRef = 883A412C27EDA2980002B909 /* UIView + Protocols.swift */; };
		883A412F27EDA4970002B909 /* PosterTableViewCell.swift in Sources */ = {isa = PBXBuildFile; fileRef = 883A412E27EDA4970002B909 /* PosterTableViewCell.swift */; };
		883A413127EDA92F0002B909 /* PosterViewModel.swift in Sources */ = {isa = PBXBuildFile; fileRef = 883A413027EDA92F0002B909 /* PosterViewModel.swift */; };
		883A413327EDB4980002B909 /* PosterDetailViewController.swift in Sources */ = {isa = PBXBuildFile; fileRef = 883A413227EDB4980002B909 /* PosterDetailViewController.swift */; };
		883A413627EDB4BB0002B909 /* PosterDetailView.swift in Sources */ = {isa = PBXBuildFile; fileRef = 883A413527EDB4BB0002B909 /* PosterDetailView.swift */; };
		883A413827EDB62D0002B909 /* PosterDetailMainCell.swift in Sources */ = {isa = PBXBuildFile; fileRef = 883A413727EDB62D0002B909 /* PosterDetailMainCell.swift */; };
		883A413A27EDBBA60002B909 /* PosterDetailViewModel.swift in Sources */ = {isa = PBXBuildFile; fileRef = 883A413927EDBBA60002B909 /* PosterDetailViewModel.swift */; };
		883A413C27EDC5E60002B909 /* PosterDetailCommentCell.swift in Sources */ = {isa = PBXBuildFile; fileRef = 883A413B27EDC5E60002B909 /* PosterDetailCommentCell.swift */; };
		883A413F27EDC9370002B909 /* RxCocoa in Frameworks */ = {isa = PBXBuildFile; productRef = 883A413E27EDC9370002B909 /* RxCocoa */; };
		883A414127EDC9370002B909 /* RxSwift in Frameworks */ = {isa = PBXBuildFile; productRef = 883A414027EDC9370002B909 /* RxSwift */; };
		883A414427EDC9D30002B909 /* RxDataSources in Frameworks */ = {isa = PBXBuildFile; productRef = 883A414327EDC9D30002B909 /* RxDataSources */; };
		887085EF27E8AAC800B5BC82 /* RegisterViewController.swift in Sources */ = {isa = PBXBuildFile; fileRef = 887085EE27E8AAC800B5BC82 /* RegisterViewController.swift */; };
		887085F227E8AAF400B5BC82 /* RegisterView.swift in Sources */ = {isa = PBXBuildFile; fileRef = 887085F127E8AAF400B5BC82 /* RegisterView.swift */; };
/* End PBXBuildFile section */

/* Begin PBXFileReference section */
		880BCA0027E879C500C5235A /* CapstonePractice.app */ = {isa = PBXFileReference; explicitFileType = wrapper.application; includeInIndex = 0; path = CapstonePractice.app; sourceTree = BUILT_PRODUCTS_DIR; };
		880BCA0327E879C500C5235A /* AppDelegate.swift */ = {isa = PBXFileReference; lastKnownFileType = sourcecode.swift; path = AppDelegate.swift; sourceTree = "<group>"; };
		880BCA0527E879C500C5235A /* SceneDelegate.swift */ = {isa = PBXFileReference; lastKnownFileType = sourcecode.swift; path = SceneDelegate.swift; sourceTree = "<group>"; };
		880BCA0727E879C500C5235A /* ViewController.swift */ = {isa = PBXFileReference; lastKnownFileType = sourcecode.swift; path = ViewController.swift; sourceTree = "<group>"; };
		880BCA0C27E879C800C5235A /* Assets.xcassets */ = {isa = PBXFileReference; lastKnownFileType = folder.assetcatalog; path = Assets.xcassets; sourceTree = "<group>"; };
		880BCA0F27E879C800C5235A /* Base */ = {isa = PBXFileReference; lastKnownFileType = file.storyboard; name = Base; path = Base.lproj/LaunchScreen.storyboard; sourceTree = "<group>"; };
		880BCA1127E879C800C5235A /* Info.plist */ = {isa = PBXFileReference; lastKnownFileType = text.plist.xml; path = Info.plist; sourceTree = "<group>"; };
		880BCA1F27E87AA100C5235A /* LoginViewController.swift */ = {isa = PBXFileReference; lastKnownFileType = sourcecode.swift; path = LoginViewController.swift; sourceTree = "<group>"; };
		880BCA2227E87AC300C5235A /* LoginView.swift */ = {isa = PBXFileReference; lastKnownFileType = sourcecode.swift; path = LoginView.swift; sourceTree = "<group>"; };
		8824E7A927EED94500125C8C /* WritePostViewController.swift */ = {isa = PBXFileReference; lastKnownFileType = sourcecode.swift; path = WritePostViewController.swift; sourceTree = "<group>"; };
		8824E7AB27EEDAE900125C8C /* WritePosterView.swift */ = {isa = PBXFileReference; lastKnownFileType = sourcecode.swift; path = WritePosterView.swift; sourceTree = "<group>"; };
		8824E7AE27EEE61C00125C8C /* SolvedData.swift */ = {isa = PBXFileReference; lastKnownFileType = sourcecode.swift; path = SolvedData.swift; sourceTree = "<group>"; };
		8824E7B027EEE68700125C8C /* MyInfoView.swift */ = {isa = PBXFileReference; lastKnownFileType = sourcecode.swift; path = MyInfoView.swift; sourceTree = "<group>"; };
		8824E7B227EEE70100125C8C /* ApiService.swift */ = {isa = PBXFileReference; lastKnownFileType = sourcecode.swift; path = ApiService.swift; sourceTree = "<group>"; };
		8824E7B727EEE9A200125C8C /* SolvedProblemViewController.swift */ = {isa = PBXFileReference; lastKnownFileType = sourcecode.swift; path = SolvedProblemViewController.swift; sourceTree = "<group>"; };
		8824E7BB27EEE9D200125C8C /* SolvedProblemView.swift */ = {isa = PBXFileReference; lastKnownFileType = sourcecode.swift; path = SolvedProblemView.swift; sourceTree = "<group>"; };
		8824E7BD27EEEA3000125C8C /* ProblemTableViewCell.swift */ = {isa = PBXFileReference; lastKnownFileType = sourcecode.swift; path = ProblemTableViewCell.swift; sourceTree = "<group>"; };
		8824E7BF27EEFC4100125C8C /* MyInfoTableViewCell.swift */ = {isa = PBXFileReference; lastKnownFileType = sourcecode.swift; path = MyInfoTableViewCell.swift; sourceTree = "<group>"; };
		883A411F27ED9FB60002B909 /* MainTabBarController.swift */ = {isa = PBXFileReference; lastKnownFileType = sourcecode.swift; path = MainTabBarController.swift; sourceTree = "<group>"; };
		883A412127EDA0020002B909 /* MainViewController.swift */ = {isa = PBXFileReference; lastKnownFileType = sourcecode.swift; path = MainViewController.swift; sourceTree = "<group>"; };
		883A412427EDA0480002B909 /* PostBoardViewController.swift */ = {isa = PBXFileReference; lastKnownFileType = sourcecode.swift; path = PostBoardViewController.swift; sourceTree = "<group>"; };
		883A412727EDA0A20002B909 /* MyInfoViewController.swift */ = {isa = PBXFileReference; lastKnownFileType = sourcecode.swift; path = MyInfoViewController.swift; sourceTree = "<group>"; };
		883A412A27EDA24B0002B909 /* PosterView.swift */ = {isa = PBXFileReference; lastKnownFileType = sourcecode.swift; path = PosterView.swift; sourceTree = "<group>"; };
		883A412C27EDA2980002B909 /* UIView + Protocols.swift */ = {isa = PBXFileReference; lastKnownFileType = sourcecode.swift; path = "UIView + Protocols.swift"; sourceTree = "<group>"; };
		883A412E27EDA4970002B909 /* PosterTableViewCell.swift */ = {isa = PBXFileReference; lastKnownFileType = sourcecode.swift; path = PosterTableViewCell.swift; sourceTree = "<group>"; };
		883A413027EDA92F0002B909 /* PosterViewModel.swift */ = {isa = PBXFileReference; lastKnownFileType = sourcecode.swift; path = PosterViewModel.swift; sourceTree = "<group>"; };
		883A413227EDB4980002B909 /* PosterDetailViewController.swift */ = {isa = PBXFileReference; lastKnownFileType = sourcecode.swift; path = PosterDetailViewController.swift; sourceTree = "<group>"; };
		883A413527EDB4BB0002B909 /* PosterDetailView.swift */ = {isa = PBXFileReference; lastKnownFileType = sourcecode.swift; path = PosterDetailView.swift; sourceTree = "<group>"; };
		883A413727EDB62D0002B909 /* PosterDetailMainCell.swift */ = {isa = PBXFileReference; lastKnownFileType = sourcecode.swift; path = PosterDetailMainCell.swift; sourceTree = "<group>"; };
		883A413927EDBBA60002B909 /* PosterDetailViewModel.swift */ = {isa = PBXFileReference; lastKnownFileType = sourcecode.swift; path = PosterDetailViewModel.swift; sourceTree = "<group>"; };
		883A413B27EDC5E60002B909 /* PosterDetailCommentCell.swift */ = {isa = PBXFileReference; lastKnownFileType = sourcecode.swift; path = PosterDetailCommentCell.swift; sourceTree = "<group>"; };
		887085EE27E8AAC800B5BC82 /* RegisterViewController.swift */ = {isa = PBXFileReference; lastKnownFileType = sourcecode.swift; path = RegisterViewController.swift; sourceTree = "<group>"; };
		887085F127E8AAF400B5BC82 /* RegisterView.swift */ = {isa = PBXFileReference; lastKnownFileType = sourcecode.swift; path = RegisterView.swift; sourceTree = "<group>"; };
/* End PBXFileReference section */

/* Begin PBXFrameworksBuildPhase section */
		880BC9FD27E879C500C5235A /* Frameworks */ = {
			isa = PBXFrameworksBuildPhase;
			buildActionMask = 2147483647;
			files = (
				8824E7B627EEE71C00125C8C /* Alamofire in Frameworks */,
				883A413F27EDC9370002B909 /* RxCocoa in Frameworks */,
				883A414127EDC9370002B909 /* RxSwift in Frameworks */,
				883A414427EDC9D30002B909 /* RxDataSources in Frameworks */,
				880BCA1927E879EF00C5235A /* SnapKit in Frameworks */,
			);
			runOnlyForDeploymentPostprocessing = 0;
		};
/* End PBXFrameworksBuildPhase section */

/* Begin PBXGroup section */
		880BC9F727E879C500C5235A = {
			isa = PBXGroup;
			children = (
				880BCA0227E879C500C5235A /* CapstonePractice */,
				880BCA0127E879C500C5235A /* Products */,
			);
			sourceTree = "<group>";
		};
		880BCA0127E879C500C5235A /* Products */ = {
			isa = PBXGroup;
			children = (
				880BCA0027E879C500C5235A /* CapstonePractice.app */,
			);
			name = Products;
			sourceTree = "<group>";
		};
		880BCA0227E879C500C5235A /* CapstonePractice */ = {
			isa = PBXGroup;
			children = (
				880BCA0327E879C500C5235A /* AppDelegate.swift */,
				880BCA0527E879C500C5235A /* SceneDelegate.swift */,
				880BCA0727E879C500C5235A /* ViewController.swift */,
				880BCA0C27E879C800C5235A /* Assets.xcassets */,
				880BCA0E27E879C800C5235A /* LaunchScreen.storyboard */,
				880BCA1127E879C800C5235A /* Info.plist */,
				880BCA2127E87AB300C5235A /* Login View */,
				887085F027E8AAE300B5BC82 /* Register View */,
				883A411F27ED9FB60002B909 /* MainTabBarController.swift */,
				883A412327EDA0280002B909 /* Main View */,
				883A412627EDA05D0002B909 /* PostBoard View */,
				883A412927EDA0A60002B909 /* MyInfo View */,
				883A412C27EDA2980002B909 /* UIView + Protocols.swift */,
				883A413427EDB4AB0002B909 /* PosterDetail View  */,
				8824E7AE27EEE61C00125C8C /* SolvedData.swift */,
				8824E7B227EEE70100125C8C /* ApiService.swift */,
			);
			path = CapstonePractice;
			sourceTree = "<group>";
		};
		880BCA2127E87AB300C5235A /* Login View */ = {
			isa = PBXGroup;
			children = (
				880BCA1F27E87AA100C5235A /* LoginViewController.swift */,
				880BCA2227E87AC300C5235A /* LoginView.swift */,
			);
			path = "Login View";
			sourceTree = "<group>";
		};
		8824E7AD27EEDDB400125C8C /* WritePoster View */ = {
			isa = PBXGroup;
			children = (
				8824E7A927EED94500125C8C /* WritePostViewController.swift */,
				8824E7AB27EEDAE900125C8C /* WritePosterView.swift */,
			);
			path = "WritePoster View";
			sourceTree = "<group>";
		};
		8824E7B927EEE9BA00125C8C /* SolvedProblem View */ = {
			isa = PBXGroup;
			children = (
				8824E7B727EEE9A200125C8C /* SolvedProblemViewController.swift */,
				8824E7BB27EEE9D200125C8C /* SolvedProblemView.swift */,
			);
			path = "SolvedProblem View";
			sourceTree = "<group>";
		};
		883A412327EDA0280002B909 /* Main View */ = {
			isa = PBXGroup;
			children = (
				883A412127EDA0020002B909 /* MainViewController.swift */,
			);
			path = "Main View";
			sourceTree = "<group>";
		};
		883A412627EDA05D0002B909 /* PostBoard View */ = {
			isa = PBXGroup;
			children = (
				883A412427EDA0480002B909 /* PostBoardViewController.swift */,
				883A412A27EDA24B0002B909 /* PosterView.swift */,
				883A412E27EDA4970002B909 /* PosterTableViewCell.swift */,
				883A413027EDA92F0002B909 /* PosterViewModel.swift */,
				8824E7AD27EEDDB400125C8C /* WritePoster View */,
			);
			path = "PostBoard View";
			sourceTree = "<group>";
		};
		883A412927EDA0A60002B909 /* MyInfo View */ = {
			isa = PBXGroup;
			children = (
				8824E7BD27EEEA3000125C8C /* ProblemTableViewCell.swift */,
				8824E7BF27EEFC4100125C8C /* MyInfoTableViewCell.swift */,
				883A412727EDA0A20002B909 /* MyInfoViewController.swift */,
				8824E7B027EEE68700125C8C /* MyInfoView.swift */,
				8824E7B927EEE9BA00125C8C /* SolvedProblem View */,
			);
			path = "MyInfo View";
			sourceTree = "<group>";
		};
		883A413427EDB4AB0002B909 /* PosterDetail View  */ = {
			isa = PBXGroup;
			children = (
				883A413227EDB4980002B909 /* PosterDetailViewController.swift */,
				883A413527EDB4BB0002B909 /* PosterDetailView.swift */,
				883A413727EDB62D0002B909 /* PosterDetailMainCell.swift */,
				883A413927EDBBA60002B909 /* PosterDetailViewModel.swift */,
				883A413B27EDC5E60002B909 /* PosterDetailCommentCell.swift */,
			);
			path = "PosterDetail View ";
			sourceTree = "<group>";
		};
		887085F027E8AAE300B5BC82 /* Register View */ = {
			isa = PBXGroup;
			children = (
				887085EE27E8AAC800B5BC82 /* RegisterViewController.swift */,
				887085F127E8AAF400B5BC82 /* RegisterView.swift */,
			);
			path = "Register View";
			sourceTree = "<group>";
		};
/* End PBXGroup section */

/* Begin PBXNativeTarget section */
		880BC9FF27E879C500C5235A /* CapstonePractice */ = {
			isa = PBXNativeTarget;
			buildConfigurationList = 880BCA1427E879C800C5235A /* Build configuration list for PBXNativeTarget "CapstonePractice" */;
			buildPhases = (
				880BC9FC27E879C500C5235A /* Sources */,
				880BC9FD27E879C500C5235A /* Frameworks */,
				880BC9FE27E879C500C5235A /* Resources */,
			);
			buildRules = (
			);
			dependencies = (
			);
			name = CapstonePractice;
			packageProductDependencies = (
				880BCA1827E879EF00C5235A /* SnapKit */,
				883A413E27EDC9370002B909 /* RxCocoa */,
				883A414027EDC9370002B909 /* RxSwift */,
				883A414327EDC9D30002B909 /* RxDataSources */,
				8824E7B527EEE71C00125C8C /* Alamofire */,
			);
			productName = CapstonePractice;
			productReference = 880BCA0027E879C500C5235A /* CapstonePractice.app */;
			productType = "com.apple.product-type.application";
		};
/* End PBXNativeTarget section */

/* Begin PBXProject section */
		880BC9F827E879C500C5235A /* Project object */ = {
			isa = PBXProject;
			attributes = {
				BuildIndependentTargetsInParallel = 1;
				LastSwiftUpdateCheck = 1300;
				LastUpgradeCheck = 1300;
				TargetAttributes = {
					880BC9FF27E879C500C5235A = {
						CreatedOnToolsVersion = 13.0;
					};
				};
			};
			buildConfigurationList = 880BC9FB27E879C500C5235A /* Build configuration list for PBXProject "CapstonePractice" */;
			compatibilityVersion = "Xcode 13.0";
			developmentRegion = en;
			hasScannedForEncodings = 0;
			knownRegions = (
				en,
				Base,
			);
			mainGroup = 880BC9F727E879C500C5235A;
			packageReferences = (
				880BCA1727E879EF00C5235A /* XCRemoteSwiftPackageReference "SnapKit" */,
				883A413D27EDC9370002B909 /* XCRemoteSwiftPackageReference "RxSwift" */,
				883A414227EDC9D30002B909 /* XCRemoteSwiftPackageReference "RxDataSources" */,
				8824E7B427EEE71C00125C8C /* XCRemoteSwiftPackageReference "Alamofire" */,
			);
			productRefGroup = 880BCA0127E879C500C5235A /* Products */;
			projectDirPath = "";
			projectRoot = "";
			targets = (
				880BC9FF27E879C500C5235A /* CapstonePractice */,
			);
		};
/* End PBXProject section */

/* Begin PBXResourcesBuildPhase section */
		880BC9FE27E879C500C5235A /* Resources */ = {
			isa = PBXResourcesBuildPhase;
			buildActionMask = 2147483647;
			files = (
				880BCA1027E879C800C5235A /* LaunchScreen.storyboard in Resources */,
				880BCA0D27E879C800C5235A /* Assets.xcassets in Resources */,
			);
			runOnlyForDeploymentPostprocessing = 0;
		};
/* End PBXResourcesBuildPhase section */

/* Begin PBXSourcesBuildPhase section */
		880BC9FC27E879C500C5235A /* Sources */ = {
			isa = PBXSourcesBuildPhase;
			buildActionMask = 2147483647;
			files = (
				883A413127EDA92F0002B909 /* PosterViewModel.swift in Sources */,
				880BCA2027E87AA200C5235A /* LoginViewController.swift in Sources */,
				880BCA0827E879C500C5235A /* ViewController.swift in Sources */,
				8824E7AA27EED94500125C8C /* WritePostViewController.swift in Sources */,
				883A412027ED9FB60002B909 /* MainTabBarController.swift in Sources */,
				8824E7C027EEFC4100125C8C /* MyInfoTableViewCell.swift in Sources */,
				883A413327EDB4980002B909 /* PosterDetailViewController.swift in Sources */,
				880BCA0427E879C500C5235A /* AppDelegate.swift in Sources */,
				8824E7B827EEE9A200125C8C /* SolvedProblemViewController.swift in Sources */,
				883A412F27EDA4970002B909 /* PosterTableViewCell.swift in Sources */,
				883A413C27EDC5E60002B909 /* PosterDetailCommentCell.swift in Sources */,
				887085F227E8AAF400B5BC82 /* RegisterView.swift in Sources */,
				887085EF27E8AAC800B5BC82 /* RegisterViewController.swift in Sources */,
				8824E7AC27EEDAE900125C8C /* WritePosterView.swift in Sources */,
				8824E7BE27EEEA3000125C8C /* ProblemTableViewCell.swift in Sources */,
				8824E7AF27EEE61C00125C8C /* SolvedData.swift in Sources */,
				883A412227EDA0020002B909 /* MainViewController.swift in Sources */,
				883A413827EDB62D0002B909 /* PosterDetailMainCell.swift in Sources */,
				883A413627EDB4BB0002B909 /* PosterDetailView.swift in Sources */,
				8824E7B327EEE70100125C8C /* ApiService.swift in Sources */,
				8824E7B127EEE68700125C8C /* MyInfoView.swift in Sources */,
				883A413A27EDBBA60002B909 /* PosterDetailViewModel.swift in Sources */,
				883A412527EDA0480002B909 /* PostBoardViewController.swift in Sources */,
				883A412827EDA0A20002B909 /* MyInfoViewController.swift in Sources */,
				880BCA2327E87AC300C5235A /* LoginView.swift in Sources */,
				8824E7BC27EEE9D200125C8C /* SolvedProblemView.swift in Sources */,
				880BCA0627E879C500C5235A /* SceneDelegate.swift in Sources */,
				883A412D27EDA2980002B909 /* UIView + Protocols.swift in Sources */,
				883A412B27EDA24B0002B909 /* PosterView.swift in Sources */,
			);
			runOnlyForDeploymentPostprocessing = 0;
		};
/* End PBXSourcesBuildPhase section */

/* Begin PBXVariantGroup section */
		880BCA0E27E879C800C5235A /* LaunchScreen.storyboard */ = {
			isa = PBXVariantGroup;
			children = (
				880BCA0F27E879C800C5235A /* Base */,
			);
			name = LaunchScreen.storyboard;
			sourceTree = "<group>";
		};
/* End PBXVariantGroup section */

/* Begin XCBuildConfiguration section */
		880BCA1227E879C800C5235A /* Debug */ = {
			isa = XCBuildConfiguration;
			buildSettings = {
				ALWAYS_SEARCH_USER_PATHS = NO;
				CLANG_ANALYZER_NONNULL = YES;
				CLANG_ANALYZER_NUMBER_OBJECT_CONVERSION = YES_AGGRESSIVE;
				CLANG_CXX_LANGUAGE_STANDARD = "gnu++17";
				CLANG_CXX_LIBRARY = "libc++";
				CLANG_ENABLE_MODULES = YES;
				CLANG_ENABLE_OBJC_ARC = YES;
				CLANG_ENABLE_OBJC_WEAK = YES;
				CLANG_WARN_BLOCK_CAPTURE_AUTORELEASING = YES;
				CLANG_WARN_BOOL_CONVERSION = YES;
				CLANG_WARN_COMMA = YES;
				CLANG_WARN_CONSTANT_CONVERSION = YES;
				CLANG_WARN_DEPRECATED_OBJC_IMPLEMENTATIONS = YES;
				CLANG_WARN_DIRECT_OBJC_ISA_USAGE = YES_ERROR;
				CLANG_WARN_DOCUMENTATION_COMMENTS = YES;
				CLANG_WARN_EMPTY_BODY = YES;
				CLANG_WARN_ENUM_CONVERSION = YES;
				CLANG_WARN_INFINITE_RECURSION = YES;
				CLANG_WARN_INT_CONVERSION = YES;
				CLANG_WARN_NON_LITERAL_NULL_CONVERSION = YES;
				CLANG_WARN_OBJC_IMPLICIT_RETAIN_SELF = YES;
				CLANG_WARN_OBJC_LITERAL_CONVERSION = YES;
				CLANG_WARN_OBJC_ROOT_CLASS = YES_ERROR;
				CLANG_WARN_QUOTED_INCLUDE_IN_FRAMEWORK_HEADER = YES;
				CLANG_WARN_RANGE_LOOP_ANALYSIS = YES;
				CLANG_WARN_STRICT_PROTOTYPES = YES;
				CLANG_WARN_SUSPICIOUS_MOVE = YES;
				CLANG_WARN_UNGUARDED_AVAILABILITY = YES_AGGRESSIVE;
				CLANG_WARN_UNREACHABLE_CODE = YES;
				CLANG_WARN__DUPLICATE_METHOD_MATCH = YES;
				COPY_PHASE_STRIP = NO;
				DEBUG_INFORMATION_FORMAT = dwarf;
				ENABLE_STRICT_OBJC_MSGSEND = YES;
				ENABLE_TESTABILITY = YES;
				GCC_C_LANGUAGE_STANDARD = gnu11;
				GCC_DYNAMIC_NO_PIC = NO;
				GCC_NO_COMMON_BLOCKS = YES;
				GCC_OPTIMIZATION_LEVEL = 0;
				GCC_PREPROCESSOR_DEFINITIONS = (
					"DEBUG=1",
					"$(inherited)",
				);
				GCC_WARN_64_TO_32_BIT_CONVERSION = YES;
				GCC_WARN_ABOUT_RETURN_TYPE = YES_ERROR;
				GCC_WARN_UNDECLARED_SELECTOR = YES;
				GCC_WARN_UNINITIALIZED_AUTOS = YES_AGGRESSIVE;
				GCC_WARN_UNUSED_FUNCTION = YES;
				GCC_WARN_UNUSED_VARIABLE = YES;
				IPHONEOS_DEPLOYMENT_TARGET = 15.0;
				MTL_ENABLE_DEBUG_INFO = INCLUDE_SOURCE;
				MTL_FAST_MATH = YES;
				ONLY_ACTIVE_ARCH = YES;
				SDKROOT = iphoneos;
				SWIFT_ACTIVE_COMPILATION_CONDITIONS = DEBUG;
				SWIFT_OPTIMIZATION_LEVEL = "-Onone";
			};
			name = Debug;
		};
		880BCA1327E879C800C5235A /* Release */ = {
			isa = XCBuildConfiguration;
			buildSettings = {
				ALWAYS_SEARCH_USER_PATHS = NO;
				CLANG_ANALYZER_NONNULL = YES;
				CLANG_ANALYZER_NUMBER_OBJECT_CONVERSION = YES_AGGRESSIVE;
				CLANG_CXX_LANGUAGE_STANDARD = "gnu++17";
				CLANG_CXX_LIBRARY = "libc++";
				CLANG_ENABLE_MODULES = YES;
				CLANG_ENABLE_OBJC_ARC = YES;
				CLANG_ENABLE_OBJC_WEAK = YES;
				CLANG_WARN_BLOCK_CAPTURE_AUTORELEASING = YES;
				CLANG_WARN_BOOL_CONVERSION = YES;
				CLANG_WARN_COMMA = YES;
				CLANG_WARN_CONSTANT_CONVERSION = YES;
				CLANG_WARN_DEPRECATED_OBJC_IMPLEMENTATIONS = YES;
				CLANG_WARN_DIRECT_OBJC_ISA_USAGE = YES_ERROR;
				CLANG_WARN_DOCUMENTATION_COMMENTS = YES;
				CLANG_WARN_EMPTY_BODY = YES;
				CLANG_WARN_ENUM_CONVERSION = YES;
				CLANG_WARN_INFINITE_RECURSION = YES;
				CLANG_WARN_INT_CONVERSION = YES;
				CLANG_WARN_NON_LITERAL_NULL_CONVERSION = YES;
				CLANG_WARN_OBJC_IMPLICIT_RETAIN_SELF = YES;
				CLANG_WARN_OBJC_LITERAL_CONVERSION = YES;
				CLANG_WARN_OBJC_ROOT_CLASS = YES_ERROR;
				CLANG_WARN_QUOTED_INCLUDE_IN_FRAMEWORK_HEADER = YES;
				CLANG_WARN_RANGE_LOOP_ANALYSIS = YES;
				CLANG_WARN_STRICT_PROTOTYPES = YES;
				CLANG_WARN_SUSPICIOUS_MOVE = YES;
				CLANG_WARN_UNGUARDED_AVAILABILITY = YES_AGGRESSIVE;
				CLANG_WARN_UNREACHABLE_CODE = YES;
				CLANG_WARN__DUPLICATE_METHOD_MATCH = YES;
				COPY_PHASE_STRIP = NO;
				DEBUG_INFORMATION_FORMAT = "dwarf-with-dsym";
				ENABLE_NS_ASSERTIONS = NO;
				ENABLE_STRICT_OBJC_MSGSEND = YES;
				GCC_C_LANGUAGE_STANDARD = gnu11;
				GCC_NO_COMMON_BLOCKS = YES;
				GCC_WARN_64_TO_32_BIT_CONVERSION = YES;
				GCC_WARN_ABOUT_RETURN_TYPE = YES_ERROR;
				GCC_WARN_UNDECLARED_SELECTOR = YES;
				GCC_WARN_UNINITIALIZED_AUTOS = YES_AGGRESSIVE;
				GCC_WARN_UNUSED_FUNCTION = YES;
				GCC_WARN_UNUSED_VARIABLE = YES;
				IPHONEOS_DEPLOYMENT_TARGET = 15.0;
				MTL_ENABLE_DEBUG_INFO = NO;
				MTL_FAST_MATH = YES;
				SDKROOT = iphoneos;
				SWIFT_COMPILATION_MODE = wholemodule;
				SWIFT_OPTIMIZATION_LEVEL = "-O";
				VALIDATE_PRODUCT = YES;
			};
			name = Release;
		};
		880BCA1527E879C800C5235A /* Debug */ = {
			isa = XCBuildConfiguration;
			buildSettings = {
				ASSETCATALOG_COMPILER_APPICON_NAME = AppIcon;
				ASSETCATALOG_COMPILER_GLOBAL_ACCENT_COLOR_NAME = AccentColor;
				CODE_SIGN_STYLE = Automatic;
				CURRENT_PROJECT_VERSION = 1;
				DEVELOPMENT_TEAM = XUDFL5KK5Q;
				GENERATE_INFOPLIST_FILE = YES;
				INFOPLIST_FILE = CapstonePractice/Info.plist;
				INFOPLIST_KEY_UIApplicationSupportsIndirectInputEvents = YES;
				INFOPLIST_KEY_UILaunchStoryboardName = LaunchScreen;
				INFOPLIST_KEY_UISupportedInterfaceOrientations_iPad = "UIInterfaceOrientationPortrait UIInterfaceOrientationPortraitUpsideDown UIInterfaceOrientationLandscapeLeft UIInterfaceOrientationLandscapeRight";
				INFOPLIST_KEY_UISupportedInterfaceOrientations_iPhone = "UIInterfaceOrientationPortrait UIInterfaceOrientationLandscapeLeft UIInterfaceOrientationLandscapeRight";
				LD_RUNPATH_SEARCH_PATHS = (
					"$(inherited)",
					"@executable_path/Frameworks",
				);
				MARKETING_VERSION = 1.0;
				PRODUCT_BUNDLE_IDENTIFIER = yle.CapstonePractice;
				PRODUCT_NAME = "$(TARGET_NAME)";
				SWIFT_EMIT_LOC_STRINGS = YES;
				SWIFT_VERSION = 5.0;
				TARGETED_DEVICE_FAMILY = "1,2";
			};
			name = Debug;
		};
		880BCA1627E879C800C5235A /* Release */ = {
			isa = XCBuildConfiguration;
			buildSettings = {
				ASSETCATALOG_COMPILER_APPICON_NAME = AppIcon;
				ASSETCATALOG_COMPILER_GLOBAL_ACCENT_COLOR_NAME = AccentColor;
				CODE_SIGN_STYLE = Automatic;
				CURRENT_PROJECT_VERSION = 1;
				DEVELOPMENT_TEAM = XUDFL5KK5Q;
				GENERATE_INFOPLIST_FILE = YES;
				INFOPLIST_FILE = CapstonePractice/Info.plist;
				INFOPLIST_KEY_UIApplicationSupportsIndirectInputEvents = YES;
				INFOPLIST_KEY_UILaunchStoryboardName = LaunchScreen;
				INFOPLIST_KEY_UISupportedInterfaceOrientations_iPad = "UIInterfaceOrientationPortrait UIInterfaceOrientationPortraitUpsideDown UIInterfaceOrientationLandscapeLeft UIInterfaceOrientationLandscapeRight";
				INFOPLIST_KEY_UISupportedInterfaceOrientations_iPhone = "UIInterfaceOrientationPortrait UIInterfaceOrientationLandscapeLeft UIInterfaceOrientationLandscapeRight";
				LD_RUNPATH_SEARCH_PATHS = (
					"$(inherited)",
					"@executable_path/Frameworks",
				);
				MARKETING_VERSION = 1.0;
				PRODUCT_BUNDLE_IDENTIFIER = yle.CapstonePractice;
				PRODUCT_NAME = "$(TARGET_NAME)";
				SWIFT_EMIT_LOC_STRINGS = YES;
				SWIFT_VERSION = 5.0;
				TARGETED_DEVICE_FAMILY = "1,2";
			};
			name = Release;
		};
/* End XCBuildConfiguration section */

/* Begin XCConfigurationList section */
		880BC9FB27E879C500C5235A /* Build configuration list for PBXProject "CapstonePractice" */ = {
			isa = XCConfigurationList;
			buildConfigurations = (
				880BCA1227E879C800C5235A /* Debug */,
				880BCA1327E879C800C5235A /* Release */,
			);
			defaultConfigurationIsVisible = 0;
			defaultConfigurationName = Release;
		};
		880BCA1427E879C800C5235A /* Build configuration list for PBXNativeTarget "CapstonePractice" */ = {
			isa = XCConfigurationList;
			buildConfigurations = (
				880BCA1527E879C800C5235A /* Debug */,
				880BCA1627E879C800C5235A /* Release */,
			);
			defaultConfigurationIsVisible = 0;
			defaultConfigurationName = Release;
		};
/* End XCConfigurationList section */

/* Begin XCRemoteSwiftPackageReference section */
		880BCA1727E879EF00C5235A /* XCRemoteSwiftPackageReference "SnapKit" */ = {
			isa = XCRemoteSwiftPackageReference;
			repositoryURL = "https://github.com/SnapKit/SnapKit.git";
			requirement = {
				branch = develop;
				kind = branch;
			};
		};
		8824E7B427EEE71C00125C8C /* XCRemoteSwiftPackageReference "Alamofire" */ = {
			isa = XCRemoteSwiftPackageReference;
			repositoryURL = "https://github.com/Alamofire/Alamofire";
			requirement = {
				branch = master;
				kind = branch;
			};
		};
		883A413D27EDC9370002B909 /* XCRemoteSwiftPackageReference "RxSwift" */ = {
			isa = XCRemoteSwiftPackageReference;
			repositoryURL = "https://github.com/ReactiveX/RxSwift.git";
			requirement = {
				branch = main;
				kind = branch;
			};
		};
		883A414227EDC9D30002B909 /* XCRemoteSwiftPackageReference "RxDataSources" */ = {
			isa = XCRemoteSwiftPackageReference;
			repositoryURL = "https://github.com/RxSwiftCommunity/RxDataSources.git";
			requirement = {
				kind = upToNextMajorVersion;
				minimumVersion = 5.0.0;
			};
		};
/* End XCRemoteSwiftPackageReference section */

/* Begin XCSwiftPackageProductDependency section */
		880BCA1827E879EF00C5235A /* SnapKit */ = {
			isa = XCSwiftPackageProductDependency;
			package = 880BCA1727E879EF00C5235A /* XCRemoteSwiftPackageReference "SnapKit" */;
			productName = SnapKit;
		};
		8824E7B527EEE71C00125C8C /* Alamofire */ = {
			isa = XCSwiftPackageProductDependency;
			package = 8824E7B427EEE71C00125C8C /* XCRemoteSwiftPackageReference "Alamofire" */;
			productName = Alamofire;
		};
		883A413E27EDC9370002B909 /* RxCocoa */ = {
			isa = XCSwiftPackageProductDependency;
			package = 883A413D27EDC9370002B909 /* XCRemoteSwiftPackageReference "RxSwift" */;
			productName = RxCocoa;
		};
		883A414027EDC9370002B909 /* RxSwift */ = {
			isa = XCSwiftPackageProductDependency;
			package = 883A413D27EDC9370002B909 /* XCRemoteSwiftPackageReference "RxSwift" */;
			productName = RxSwift;
		};
		883A414327EDC9D30002B909 /* RxDataSources */ = {
			isa = XCSwiftPackageProductDependency;
			package = 883A414227EDC9D30002B909 /* XCRemoteSwiftPackageReference "RxDataSources" */;
			productName = RxDataSources;
		};
/* End XCSwiftPackageProductDependency section */
	};
	rootObject = 880BC9F827E879C500C5235A /* Project object */;
}
